// !$*UTF8*$!
{
archiveVersion = 1;
classes = {};
objectVersion = 56;
objects = {
00000000000000000000013D = {isa = PBXFileReference; lastKnownFileType = sourcecode.swift; path = CapturePresentation.swift; sourceTree = "<group>"; };
0000000000000000000001A1 = {isa = PBXBuildFile; fileRef = 00000000000000000000013D; };
00000000000000000000013C = {isa = PBXFileReference; lastKnownFileType = sourcecode.swift; path = TaskComponents.swift; sourceTree = "<group>"; };
0000000000000000000001A0 = {isa = PBXBuildFile; fileRef = 00000000000000000000013C; };
00000000000000000000013B = {isa = PBXFileReference; lastKnownFileType = sourcecode.swift; path = RestoreTasks.swift; sourceTree = "<group>"; };
00000000000000000000019F = {isa = PBXBuildFile; fileRef = 00000000000000000000013B; };
00000000000000000000013A = {isa = PBXFileReference; lastKnownFileType = sourcecode.swift; path = RestoreSummary.swift; sourceTree = "<group>"; };
00000000000000000000019E = {isa = PBXBuildFile; fileRef = 00000000000000000000013A; };
000000000000000000000139 = {isa = PBXFileReference; lastKnownFileType = sourcecode.swift; path = RestoreView.swift; sourceTree = "<group>"; };
00000000000000000000019D = {isa = PBXBuildFile; fileRef = 000000000000000000000139; };
000000000000000000000138 = {isa = PBXFileReference; lastKnownFileType = sourcecode.swift; path = RestoreModel.swift; sourceTree = "<group>"; };
00000000000000000000019C = {isa = PBXBuildFile; fileRef = 000000000000000000000138; };
000000000000000000000137 = {isa = PBXFileReference; lastKnownFileType = sourcecode.swift; path = CoreRestore.swift; sourceTree = "<group>"; };
00000000000000000000019B = {isa = PBXBuildFile; fileRef = 000000000000000000000137; };
000000000000000000000134 = {isa = PBXFileReference; lastKnownFileType = sourcecode.swift; path = CoreCapture.swift; sourceTree = "<group>"; };
000000000000000000000198 = {isa = PBXBuildFile; fileRef = 000000000000000000000134; };
000000000000000000000135 = {isa = PBXFileReference; lastKnownFileType = sourcecode.swift; path = CaptureModel.swift; sourceTree = "<group>"; };
000000000000000000000199 = {isa = PBXBuildFile; fileRef = 000000000000000000000135; };
000000000000000000000136 = {isa = PBXFileReference; lastKnownFileType = sourcecode.swift; path = CaptureView.swift; sourceTree = "<group>"; };
00000000000000000000019A = {isa = PBXBuildFile; fileRef = 000000000000000000000136; };
000000000000000000000131 = {isa = PBXFileReference; lastKnownFileType = sourcecode.swift; path = CoreComparison.swift; sourceTree = "<group>"; };
000000000000000000000195 = {isa = PBXBuildFile; fileRef = 000000000000000000000131; };
000000000000000000000132 = {isa = PBXFileReference; lastKnownFileType = sourcecode.swift; path = EnvironmentStatusModel.swift; sourceTree = "<group>"; };
000000000000000000000196 = {isa = PBXBuildFile; fileRef = 000000000000000000000132; };
000000000000000000000133 = {isa = PBXFileReference; lastKnownFileType = sourcecode.swift; path = EnvironmentStatusView.swift; sourceTree = "<group>"; };
000000000000000000000197 = {isa = PBXBuildFile; fileRef = 000000000000000000000133; };
00000000000000000000001E = {isa = PBXShellScriptBuildPhase; buildActionMask = 2147483647; files = (); inputPaths = ("$(SRCROOT)/prepare-runtime.sh"); outputPaths = ("$(TARGET_BUILD_DIR)/$(UNLOCALIZED_RESOURCES_FOLDER_PATH)/CoreRuntime.plist"); runOnlyForDeploymentPostprocessing = 0; shellPath = /bin/bash; shellScript = "\"${SRCROOT}/prepare-runtime.sh\" \"${TARGET_BUILD_DIR}/${UNLOCALIZED_RESOURCES_FOLDER_PATH}\""; };

000000000000000000000130 = {isa = PBXFileReference; lastKnownFileType = sourcecode.swift; path = ProductionWorkspace.swift; sourceTree = "<group>"; };
000000000000000000000194 = {isa = PBXBuildFile; fileRef = 000000000000000000000130; };
00000000000000000000012F = {isa = PBXFileReference; lastKnownFileType = sourcecode.swift; path = CoreRuntime.swift; sourceTree = "<group>"; };
000000000000000000000193 = {isa = PBXBuildFile; fileRef = 00000000000000000000012F; };
00000000000000000000012E = {isa = PBXFileReference; lastKnownFileType = sourcecode.swift; path = CoreTransport.swift; sourceTree = "<group>"; };
000000000000000000000192 = {isa = PBXBuildFile; fileRef = 00000000000000000000012E; };
00000000000000000000012D = {isa = PBXFileReference; lastKnownFileType = sourcecode.swift; path = CoreLocation.swift; sourceTree = "<group>"; };
000000000000000000000191 = {isa = PBXBuildFile; fileRef = 00000000000000000000012D; };
00000000000000000000012C = {isa = PBXFileReference; lastKnownFileType = sourcecode.swift; path = CoreProtocol.swift; sourceTree = "<group>"; };
000000000000000000000190 = {isa = PBXBuildFile; fileRef = 00000000000000000000012C; };
000000000000000000000064 = {isa = PBXFileReference; lastKnownFileType = sourcecode.swift; path = MacseedApp.swift; sourceTree = "<group>"; };
0000000000000000000000C8 = {isa = PBXBuildFile; fileRef = 000000000000000000000064; };
000000000000000000000065 = {isa = PBXFileReference; lastKnownFileType = sourcecode.swift; path = ContentView.swift; sourceTree = "<group>"; };
0000000000000000000000C9 = {isa = PBXBuildFile; fileRef = 000000000000000000000065; };
000000000000000000000066 = {isa = PBXFileReference; lastKnownFileType = sourcecode.swift; path = Presentation.swift; sourceTree = "<group>"; };
0000000000000000000000CA = {isa = PBXBuildFile; fileRef = 000000000000000000000066; };
000000000000000000000067 = {isa = PBXFileReference; lastKnownFileType = sourcecode.swift; path = SampleProvider.swift; sourceTree = "<group>"; };
0000000000000000000000CB = {isa = PBXBuildFile; fileRef = 000000000000000000000067; };
000000000000000000000068 = {isa = PBXFileReference; lastKnownFileType = sourcecode.swift; path = DemoSession.swift; sourceTree = "<group>"; };
0000000000000000000000CC = {isa = PBXBuildFile; fileRef = 000000000000000000000068; };
000000000000000000000001 = {isa = PBXProject; attributes = {LastUpgradeCheck = 1600; }; buildConfigurationList = 00000000000000000000000A; compatibilityVersion = "Xcode 14.0"; developmentRegion = en; knownRegions = (en, Base); mainGroup = 000000000000000000000002; productRefGroup = 000000000000000000000004; projectDirPath = ""; projectRoot = ""; targets = (000000000000000000000005); };
000000000000000000000002 = {isa = PBXGroup; children = (000000000000000000000003, 000000000000000000000004, 000000000000000000000006); sourceTree = "<group>"; };
000000000000000000000003 = {isa = PBXGroup; children = (000000000000000000000064, 000000000000000000000065, 000000000000000000000066, 000000000000000000000067, 000000000000000000000068, 00000000000000000000012C, 00000000000000000000012D, 00000000000000000000012E, 00000000000000000000012F, 000000000000000000000130, 000000000000000000000131, 000000000000000000000132, 000000000000000000000133, 000000000000000000000134, 000000000000000000000135, 000000000000000000000136, 000000000000000000000137, 000000000000000000000138, 000000000000000000000139, 00000000000000000000013A, 00000000000000000000013B, 00000000000000000000013C, 00000000000000000000013D); path = Sources; sourceTree = "<group>"; };
000000000000000000000004 = {isa = PBXGroup; children = (000000000000000000000007); name = Products; sourceTree = "<group>"; };
000000000000000000000006 = {isa = PBXFileReference; lastKnownFileType = text.plist.xml; path = Info.plist; sourceTree = "<group>"; };
000000000000000000000007 = {isa = PBXFileReference; explicitFileType = wrapper.application; includeInIndex = 0; path = Macseed.app; sourceTree = BUILT_PRODUCTS_DIR; };
000000000000000000000005 = {isa = PBXNativeTarget; buildConfigurationList = 00000000000000000000000B; buildPhases = (000000000000000000000008, 000000000000000000000009, 00000000000000000000001E); buildRules = (); dependencies = (); name = Macseed; productName = Macseed; productReference = 000000000000000000000007; productType = "com.apple.product-type.application"; };
000000000000000000000008 = {isa = PBXSourcesBuildPhase; buildActionMask = 2147483647; files = (0000000000000000000000C8, 0000000000000000000000C9, 0000000000000000000000CA, 0000000000000000000000CB, 0000000000000000000000CC, 000000000000000000000190, 000000000000000000000191, 000000000000000000000192, 000000000000000000000193, 000000000000000000000194, 000000000000000000000195, 000000000000000000000196, 000000000000000000000197, 000000000000000000000198, 000000000000000000000199, 00000000000000000000019A, 00000000000000000000019B, 00000000000000000000019C, 00000000000000000000019D, 00000000000000000000019E, 00000000000000000000019F, 0000000000000000000001A0, 0000000000000000000001A1); runOnlyForDeploymentPostprocessing = 0; };
000000000000000000000009 = {isa = PBXFrameworksBuildPhase; buildActionMask = 2147483647; files = (); runOnlyForDeploymentPostprocessing = 0; };
00000000000000000000000A = {isa = XCConfigurationList; buildConfigurations = (00000000000000000000000C, 00000000000000000000000D); defaultConfigurationIsVisible = 0; defaultConfigurationName = Release; };
00000000000000000000000B = {isa = XCConfigurationList; buildConfigurations = (00000000000000000000000E, 00000000000000000000000F); defaultConfigurationIsVisible = 0; defaultConfigurationName = Release; };
00000000000000000000000C = {isa = XCBuildConfiguration; buildSettings = {MACOSX_DEPLOYMENT_TARGET = 14.0; SDKROOT = macosx; SWIFT_VERSION = 5.0; CLANG_ENABLE_MODULES = YES; SWIFT_ACTIVE_COMPILATION_CONDITIONS = "DEBUG $(inherited)"; SWIFT_OPTIMIZATION_LEVEL = "-Onone";}; name = Debug; };
00000000000000000000000D = {isa = XCBuildConfiguration; buildSettings = {MACOSX_DEPLOYMENT_TARGET = 14.0; SDKROOT = macosx; SWIFT_VERSION = 5.0; CLANG_ENABLE_MODULES = YES; SWIFT_COMPILATION_MODE = wholemodule; SWIFT_OPTIMIZATION_LEVEL = "-O";}; name = Release; };
00000000000000000000000E = {isa = XCBuildConfiguration; buildSettings = {MACOSX_DEPLOYMENT_TARGET = 14.0; SDKROOT = macosx; SWIFT_VERSION = 5.0; CLANG_ENABLE_MODULES = YES; PRODUCT_NAME = Macseed; PRODUCT_BUNDLE_IDENTIFIER = org.macseed.desktop; INFOPLIST_FILE = Info.plist; CODE_SIGNING_ALLOWED = NO; ENABLE_HARDENED_RUNTIME = NO; SWIFT_ACTIVE_COMPILATION_CONDITIONS = "DEBUG $(inherited)"; SWIFT_OPTIMIZATION_LEVEL = "-Onone";}; name = Debug; };
00000000000000000000000F = {isa = XCBuildConfiguration; buildSettings = {MACOSX_DEPLOYMENT_TARGET = 14.0; SDKROOT = macosx; SWIFT_VERSION = 5.0; CLANG_ENABLE_MODULES = YES; PRODUCT_NAME = Macseed; PRODUCT_BUNDLE_IDENTIFIER = org.macseed.desktop; INFOPLIST_FILE = Info.plist; CODE_SIGNING_ALLOWED = NO; ENABLE_HARDENED_RUNTIME = NO; SWIFT_COMPILATION_MODE = wholemodule; SWIFT_OPTIMIZATION_LEVEL = "-O";}; name = Release; };
};
rootObject = 000000000000000000000001;
}
